// !$*UTF8*$!
{
	archiveVersion = 1;
	classes = {
	};
	objectVersion = 55;
	objects = {

/* Begin PBXBuildFile section */
		F61246AA282E8E51003CD024 /* PokemonInfoView.swift in Sources */ = {isa = PBXBuildFile; fileRef = F61246A9282E8E51003CD024 /* PokemonInfoView.swift */; };
		F61246AC282E9988003CD024 /* PokemonListView.swift in Sources */ = {isa = PBXBuildFile; fileRef = F61246AB282E9988003CD024 /* PokemonListView.swift */; };
		F64A8D52283653BE00E3EB80 /* LocationsView.swift in Sources */ = {isa = PBXBuildFile; fileRef = F64A8D51283653BE00E3EB80 /* LocationsView.swift */; };
		F64A8D54283653C600E3EB80 /* LocationsViewModel.swift in Sources */ = {isa = PBXBuildFile; fileRef = F64A8D53283653C600E3EB80 /* LocationsViewModel.swift */; };
		F6542E9D283277A100C5C840 /* AboutView.swift in Sources */ = {isa = PBXBuildFile; fileRef = F6542E9C283277A100C5C840 /* AboutView.swift */; };
		F6542E9F283277B000C5C840 /* StatsView.swift in Sources */ = {isa = PBXBuildFile; fileRef = F6542E9E283277B000C5C840 /* StatsView.swift */; };
		F65FD75628339C3500602162 /* MovesView.swift in Sources */ = {isa = PBXBuildFile; fileRef = F65FD75528339C3500602162 /* MovesView.swift */; };
		F6D641B3282FB056008FFBFE /* PokemonInfoViewModel.swift in Sources */ = {isa = PBXBuildFile; fileRef = F6D641B2282FB056008FFBFE /* PokemonInfoViewModel.swift */; };
		F6F9597C28292BEB00995431 /* PokedexAppApp.swift in Sources */ = {isa = PBXBuildFile; fileRef = F6F9597B28292BEB00995431 /* PokedexAppApp.swift */; };
		F6F9597E28292BEB00995431 /* ContentView.swift in Sources */ = {isa = PBXBuildFile; fileRef = F6F9597D28292BEB00995431 /* ContentView.swift */; };
		F6F9598028292BEC00995431 /* Assets.xcassets in Resources */ = {isa = PBXBuildFile; fileRef = F6F9597F28292BEC00995431 /* Assets.xcassets */; };
		F6F9598328292BEC00995431 /* Preview Assets.xcassets in Resources */ = {isa = PBXBuildFile; fileRef = F6F9598228292BEC00995431 /* Preview Assets.xcassets */; };
		F6F9598C282946B700995431 /* PokemonListViewModel.swift in Sources */ = {isa = PBXBuildFile; fileRef = F6F9598B282946B700995431 /* PokemonListViewModel.swift */; };
		F6FE3A102834F1AF001210E9 /* EvolutionView.swift in Sources */ = {isa = PBXBuildFile; fileRef = F6FE3A0F2834F1AF001210E9 /* EvolutionView.swift */; };
		F6FE3A122834F2A0001210E9 /* EvolutionViewModel.swift in Sources */ = {isa = PBXBuildFile; fileRef = F6FE3A112834F2A0001210E9 /* EvolutionViewModel.swift */; };
/* End PBXBuildFile section */

/* Begin PBXFileReference section */
		F61246A9282E8E51003CD024 /* PokemonInfoView.swift */ = {isa = PBXFileReference; lastKnownFileType = sourcecode.swift; path = PokemonInfoView.swift; sourceTree = "<group>"; };
		F61246AB282E9988003CD024 /* PokemonListView.swift */ = {isa = PBXFileReference; lastKnownFileType = sourcecode.swift; path = PokemonListView.swift; sourceTree = "<group>"; };
		F64A8D51283653BE00E3EB80 /* LocationsView.swift */ = {isa = PBXFileReference; lastKnownFileType = sourcecode.swift; path = LocationsView.swift; sourceTree = "<group>"; };
		F64A8D53283653C600E3EB80 /* LocationsViewModel.swift */ = {isa = PBXFileReference; lastKnownFileType = sourcecode.swift; path = LocationsViewModel.swift; sourceTree = "<group>"; };
		F6542E9C283277A100C5C840 /* AboutView.swift */ = {isa = PBXFileReference; lastKnownFileType = sourcecode.swift; path = AboutView.swift; sourceTree = "<group>"; };
		F6542E9E283277B000C5C840 /* StatsView.swift */ = {isa = PBXFileReference; lastKnownFileType = sourcecode.swift; path = StatsView.swift; sourceTree = "<group>"; };
		F65FD75528339C3500602162 /* MovesView.swift */ = {isa = PBXFileReference; lastKnownFileType = sourcecode.swift; path = MovesView.swift; sourceTree = "<group>"; };
		F6D641B2282FB056008FFBFE /* PokemonInfoViewModel.swift */ = {isa = PBXFileReference; lastKnownFileType = sourcecode.swift; path = PokemonInfoViewModel.swift; sourceTree = "<group>"; };
		F6F9597828292BEB00995431 /* PokedexApp.app */ = {isa = PBXFileReference; explicitFileType = wrapper.application; includeInIndex = 0; path = PokedexApp.app; sourceTree = BUILT_PRODUCTS_DIR; };
		F6F9597B28292BEB00995431 /* PokedexAppApp.swift */ = {isa = PBXFileReference; lastKnownFileType = sourcecode.swift; path = PokedexAppApp.swift; sourceTree = "<group>"; };
		F6F9597D28292BEB00995431 /* ContentView.swift */ = {isa = PBXFileReference; lastKnownFileType = sourcecode.swift; path = ContentView.swift; sourceTree = "<group>"; };
		F6F9597F28292BEC00995431 /* Assets.xcassets */ = {isa = PBXFileReference; lastKnownFileType = folder.assetcatalog; path = Assets.xcassets; sourceTree = "<group>"; };
		F6F9598228292BEC00995431 /* Preview Assets.xcassets */ = {isa = PBXFileReference; lastKnownFileType = folder.assetcatalog; path = "Preview Assets.xcassets"; sourceTree = "<group>"; };
		F6F9598B282946B700995431 /* PokemonListViewModel.swift */ = {isa = PBXFileReference; lastKnownFileType = sourcecode.swift; path = PokemonListViewModel.swift; sourceTree = "<group>"; };
		F6FE3A0F2834F1AF001210E9 /* EvolutionView.swift */ = {isa = PBXFileReference; lastKnownFileType = sourcecode.swift; path = EvolutionView.swift; sourceTree = "<group>"; };
		F6FE3A112834F2A0001210E9 /* EvolutionViewModel.swift */ = {isa = PBXFileReference; lastKnownFileType = sourcecode.swift; path = EvolutionViewModel.swift; sourceTree = "<group>"; };
/* End PBXFileReference section */

/* Begin PBXFrameworksBuildPhase section */
		F6F9597528292BEB00995431 /* Frameworks */ = {
			isa = PBXFrameworksBuildPhase;
			buildActionMask = 2147483647;
			files = (
			);
			runOnlyForDeploymentPostprocessing = 0;
		};
/* End PBXFrameworksBuildPhase section */

/* Begin PBXGroup section */
		F6542E99283276AA00C5C840 /* ListView */ = {
			isa = PBXGroup;
			children = (
				F6F9598B282946B700995431 /* PokemonListViewModel.swift */,
				F61246AB282E9988003CD024 /* PokemonListView.swift */,
			);
			path = ListView;
			sourceTree = "<group>";
		};
		F6542E9A283276B100C5C840 /* InfoView */ = {
			isa = PBXGroup;
			children = (
				F6D641B2282FB056008FFBFE /* PokemonInfoViewModel.swift */,
				F61246A9282E8E51003CD024 /* PokemonInfoView.swift */,
				F6542E9B2832775C00C5C840 /* Panels */,
			);
			path = InfoView;
			sourceTree = "<group>";
		};
		F6542E9B2832775C00C5C840 /* Panels */ = {
			isa = PBXGroup;
			children = (
				F6542E9C283277A100C5C840 /* AboutView.swift */,
				F6542E9E283277B000C5C840 /* StatsView.swift */,
				F65FD75528339C3500602162 /* MovesView.swift */,
				F6FE3A112834F2A0001210E9 /* EvolutionViewModel.swift */,
				F6FE3A0F2834F1AF001210E9 /* EvolutionView.swift */,
				F64A8D51283653BE00E3EB80 /* LocationsView.swift */,
				F64A8D53283653C600E3EB80 /* LocationsViewModel.swift */,
			);
			path = Panels;
			sourceTree = "<group>";
		};
		F6F9596F28292BEA00995431 = {
			isa = PBXGroup;
			children = (
				F6F9597A28292BEB00995431 /* PokedexApp */,
				F6F9597928292BEB00995431 /* Products */,
			);
			sourceTree = "<group>";
		};
		F6F9597928292BEB00995431 /* Products */ = {
			isa = PBXGroup;
			children = (
				F6F9597828292BEB00995431 /* PokedexApp.app */,
			);
			name = Products;
			sourceTree = "<group>";
		};
		F6F9597A28292BEB00995431 /* PokedexApp */ = {
			isa = PBXGroup;
			children = (
				F6542E9A283276B100C5C840 /* InfoView */,
				F6542E99283276AA00C5C840 /* ListView */,
				F6F9597D28292BEB00995431 /* ContentView.swift */,
				F6F9597B28292BEB00995431 /* PokedexAppApp.swift */,
				F6F9597F28292BEC00995431 /* Assets.xcassets */,
				F6F9598128292BEC00995431 /* Preview Content */,
			);
			path = PokedexApp;
			sourceTree = "<group>";
		};
		F6F9598128292BEC00995431 /* Preview Content */ = {
			isa = PBXGroup;
			children = (
				F6F9598228292BEC00995431 /* Preview Assets.xcassets */,
			);
			path = "Preview Content";
			sourceTree = "<group>";
		};
/* End PBXGroup section */

/* Begin PBXNativeTarget section */
		F6F9597728292BEB00995431 /* PokedexApp */ = {
			isa = PBXNativeTarget;
			buildConfigurationList = F6F9598628292BEC00995431 /* Build configuration list for PBXNativeTarget "PokedexApp" */;
			buildPhases = (
				F6F9597428292BEB00995431 /* Sources */,
				F6F9597528292BEB00995431 /* Frameworks */,
				F6F9597628292BEB00995431 /* Resources */,
			);
			buildRules = (
			);
			dependencies = (
			);
			name = PokedexApp;
			productName = PokedexApp;
			productReference = F6F9597828292BEB00995431 /* PokedexApp.app */;
			productType = "com.apple.product-type.application";
		};
/* End PBXNativeTarget section */

/* Begin PBXProject section */
		F6F9597028292BEA00995431 /* Project object */ = {
			isa = PBXProject;
			attributes = {
				BuildIndependentTargetsInParallel = 1;
				LastSwiftUpdateCheck = 1320;
				LastUpgradeCheck = 1320;
				TargetAttributes = {
					F6F9597728292BEB00995431 = {
						CreatedOnToolsVersion = 13.2.1;
					};
				};
			};
			buildConfigurationList = F6F9597328292BEA00995431 /* Build configuration list for PBXProject "PokedexApp" */;
			compatibilityVersion = "Xcode 13.0";
			developmentRegion = en;
			hasScannedForEncodings = 0;
			knownRegions = (
				en,
				Base,
			);
			mainGroup = F6F9596F28292BEA00995431;
			productRefGroup = F6F9597928292BEB00995431 /* Products */;
			projectDirPath = "";
			projectRoot = "";
			targets = (
				F6F9597728292BEB00995431 /* PokedexApp */,
			);
		};
/* End PBXProject section */

/* Begin PBXResourcesBuildPhase section */
		F6F9597628292BEB00995431 /* Resources */ = {
			isa = PBXResourcesBuildPhase;
			buildActionMask = 2147483647;
			files = (
				F6F9598328292BEC00995431 /* Preview Assets.xcassets in Resources */,
				F6F9598028292BEC00995431 /* Assets.xcassets in Resources */,
			);
			runOnlyForDeploymentPostprocessing = 0;
		};
/* End PBXResourcesBuildPhase section */

/* Begin PBXSourcesBuildPhase section */
		F6F9597428292BEB00995431 /* Sources */ = {
			isa = PBXSourcesBuildPhase;
			buildActionMask = 2147483647;
			files = (
				F6FE3A122834F2A0001210E9 /* EvolutionViewModel.swift in Sources */,
				F61246AC282E9988003CD024 /* PokemonListView.swift in Sources */,
				F6542E9D283277A100C5C840 /* AboutView.swift in Sources */,
				F65FD75628339C3500602162 /* MovesView.swift in Sources */,
				F6F9597E28292BEB00995431 /* ContentView.swift in Sources */,
				F6FE3A102834F1AF001210E9 /* EvolutionView.swift in Sources */,
				F6F9598C282946B700995431 /* PokemonListViewModel.swift in Sources */,
				F64A8D54283653C600E3EB80 /* LocationsViewModel.swift in Sources */,
				F6542E9F283277B000C5C840 /* StatsView.swift in Sources */,
				F61246AA282E8E51003CD024 /* PokemonInfoView.swift in Sources */,
				F64A8D52283653BE00E3EB80 /* LocationsView.swift in Sources */,
				F6D641B3282FB056008FFBFE /* PokemonInfoViewModel.swift in Sources */,
				F6F9597C28292BEB00995431 /* PokedexAppApp.swift in Sources */,
			);
			runOnlyForDeploymentPostprocessing = 0;
		};
/* End PBXSourcesBuildPhase section */

/* Begin XCBuildConfiguration section */
		F6F9598428292BEC00995431 /* Debug */ = {
			isa = XCBuildConfiguration;
			buildSettings = {
				ALWAYS_SEARCH_USER_PATHS = NO;
				CLANG_ANALYZER_NONNULL = YES;
				CLANG_ANALYZER_NUMBER_OBJECT_CONVERSION = YES_AGGRESSIVE;
				CLANG_CXX_LANGUAGE_STANDARD = "gnu++17";
				CLANG_CXX_LIBRARY = "libc++";
				CLANG_ENABLE_MODULES = YES;
				CLANG_ENABLE_OBJC_ARC = YES;
				CLANG_ENABLE_OBJC_WEAK = YES;
				CLANG_WARN_BLOCK_CAPTURE_AUTORELEASING = YES;
				CLANG_WARN_BOOL_CONVERSION = YES;
				CLANG_WARN_COMMA = YES;
				CLANG_WARN_CONSTANT_CONVERSION = YES;
				CLANG_WARN_DEPRECATED_OBJC_IMPLEMENTATIONS = YES;
				CLANG_WARN_DIRECT_OBJC_ISA_USAGE = YES_ERROR;
				CLANG_WARN_DOCUMENTATION_COMMENTS = YES;
				CLANG_WARN_EMPTY_BODY = YES;
				CLANG_WARN_ENUM_CONVERSION = YES;
				CLANG_WARN_INFINITE_RECURSION = YES;
				CLANG_WARN_INT_CONVERSION = YES;
				CLANG_WARN_NON_LITERAL_NULL_CONVERSION = YES;
				CLANG_WARN_OBJC_IMPLICIT_RETAIN_SELF = YES;
				CLANG_WARN_OBJC_LITERAL_CONVERSION = YES;
				CLANG_WARN_OBJC_ROOT_CLASS = YES_ERROR;
				CLANG_WARN_QUOTED_INCLUDE_IN_FRAMEWORK_HEADER = YES;
				CLANG_WARN_RANGE_LOOP_ANALYSIS = YES;
				CLANG_WARN_STRICT_PROTOTYPES = YES;
				CLANG_WARN_SUSPICIOUS_MOVE = YES;
				CLANG_WARN_UNGUARDED_AVAILABILITY = YES_AGGRESSIVE;
				CLANG_WARN_UNREACHABLE_CODE = YES;
				CLANG_WARN__DUPLICATE_METHOD_MATCH = YES;
				COPY_PHASE_STRIP = NO;
				DEBUG_INFORMATION_FORMAT = dwarf;
				ENABLE_STRICT_OBJC_MSGSEND = YES;
				ENABLE_TESTABILITY = YES;
				GCC_C_LANGUAGE_STANDARD = gnu11;
				GCC_DYNAMIC_NO_PIC = NO;
				GCC_NO_COMMON_BLOCKS = YES;
				GCC_OPTIMIZATION_LEVEL = 0;
				GCC_PREPROCESSOR_DEFINITIONS = (
					"DEBUG=1",
					"$(inherited)",
				);
				GCC_WARN_64_TO_32_BIT_CONVERSION = YES;
				GCC_WARN_ABOUT_RETURN_TYPE = YES_ERROR;
				GCC_WARN_UNDECLARED_SELECTOR = YES;
				GCC_WARN_UNINITIALIZED_AUTOS = YES_AGGRESSIVE;
				GCC_WARN_UNUSED_FUNCTION = YES;
				GCC_WARN_UNUSED_VARIABLE = YES;
				IPHONEOS_DEPLOYMENT_TARGET = 15.2;
				MTL_ENABLE_DEBUG_INFO = INCLUDE_SOURCE;
				MTL_FAST_MATH = YES;
				ONLY_ACTIVE_ARCH = YES;
				SDKROOT = iphoneos;
				SWIFT_ACTIVE_COMPILATION_CONDITIONS = DEBUG;
				SWIFT_OPTIMIZATION_LEVEL = "-Onone";
			};
			name = Debug;
		};
		F6F9598528292BEC00995431 /* Release */ = {
			isa = XCBuildConfiguration;
			buildSettings = {
				ALWAYS_SEARCH_USER_PATHS = NO;
				CLANG_ANALYZER_NONNULL = YES;
				CLANG_ANALYZER_NUMBER_OBJECT_CONVERSION = YES_AGGRESSIVE;
				CLANG_CXX_LANGUAGE_STANDARD = "gnu++17";
				CLANG_CXX_LIBRARY = "libc++";
				CLANG_ENABLE_MODULES = YES;
				CLANG_ENABLE_OBJC_ARC = YES;
				CLANG_ENABLE_OBJC_WEAK = YES;
				CLANG_WARN_BLOCK_CAPTURE_AUTORELEASING = YES;
				CLANG_WARN_BOOL_CONVERSION = YES;
				CLANG_WARN_COMMA = YES;
				CLANG_WARN_CONSTANT_CONVERSION = YES;
				CLANG_WARN_DEPRECATED_OBJC_IMPLEMENTATIONS = YES;
				CLANG_WARN_DIRECT_OBJC_ISA_USAGE = YES_ERROR;
				CLANG_WARN_DOCUMENTATION_COMMENTS = YES;
				CLANG_WARN_EMPTY_BODY = YES;
				CLANG_WARN_ENUM_CONVERSION = YES;
				CLANG_WARN_INFINITE_RECURSION = YES;
				CLANG_WARN_INT_CONVERSION = YES;
				CLANG_WARN_NON_LITERAL_NULL_CONVERSION = YES;
				CLANG_WARN_OBJC_IMPLICIT_RETAIN_SELF = YES;
				CLANG_WARN_OBJC_LITERAL_CONVERSION = YES;
				CLANG_WARN_OBJC_ROOT_CLASS = YES_ERROR;
				CLANG_WARN_QUOTED_INCLUDE_IN_FRAMEWORK_HEADER = YES;
				CLANG_WARN_RANGE_LOOP_ANALYSIS = YES;
				CLANG_WARN_STRICT_PROTOTYPES = YES;
				CLANG_WARN_SUSPICIOUS_MOVE = YES;
				CLANG_WARN_UNGUARDED_AVAILABILITY = YES_AGGRESSIVE;
				CLANG_WARN_UNREACHABLE_CODE = YES;
				CLANG_WARN__DUPLICATE_METHOD_MATCH = YES;
				COPY_PHASE_STRIP = NO;
				DEBUG_INFORMATION_FORMAT = "dwarf-with-dsym";
				ENABLE_NS_ASSERTIONS = NO;
				ENABLE_STRICT_OBJC_MSGSEND = YES;
				GCC_C_LANGUAGE_STANDARD = gnu11;
				GCC_NO_COMMON_BLOCKS = YES;
				GCC_WARN_64_TO_32_BIT_CONVERSION = YES;
				GCC_WARN_ABOUT_RETURN_TYPE = YES_ERROR;
				GCC_WARN_UNDECLARED_SELECTOR = YES;
				GCC_WARN_UNINITIALIZED_AUTOS = YES_AGGRESSIVE;
				GCC_WARN_UNUSED_FUNCTION = YES;
				GCC_WARN_UNUSED_VARIABLE = YES;
				IPHONEOS_DEPLOYMENT_TARGET = 15.2;
				MTL_ENABLE_DEBUG_INFO = NO;
				MTL_FAST_MATH = YES;
				SDKROOT = iphoneos;
				SWIFT_COMPILATION_MODE = wholemodule;
				SWIFT_OPTIMIZATION_LEVEL = "-O";
				VALIDATE_PRODUCT = YES;
			};
			name = Release;
		};
		F6F9598728292BEC00995431 /* Debug */ = {
			isa = XCBuildConfiguration;
			buildSettings = {
				ASSETCATALOG_COMPILER_APPICON_NAME = AppIcon;
				ASSETCATALOG_COMPILER_GLOBAL_ACCENT_COLOR_NAME = AccentColor;
				CODE_SIGN_STYLE = Automatic;
				CURRENT_PROJECT_VERSION = 1;
				DEVELOPMENT_ASSET_PATHS = "\"PokedexApp/Preview Content\"";
				ENABLE_PREVIEWS = YES;
				GENERATE_INFOPLIST_FILE = YES;
				INFOPLIST_KEY_UIApplicationSceneManifest_Generation = YES;
				INFOPLIST_KEY_UIApplicationSupportsIndirectInputEvents = YES;
				INFOPLIST_KEY_UILaunchScreen_Generation = YES;
				INFOPLIST_KEY_UISupportedInterfaceOrientations_iPad = "UIInterfaceOrientationPortrait UIInterfaceOrientationPortraitUpsideDown UIInterfaceOrientationLandscapeLeft UIInterfaceOrientationLandscapeRight";
				INFOPLIST_KEY_UISupportedInterfaceOrientations_iPhone = "UIInterfaceOrientationPortrait UIInterfaceOrientationLandscapeLeft UIInterfaceOrientationLandscapeRight";
				LD_RUNPATH_SEARCH_PATHS = (
					"$(inherited)",
					"@executable_path/Frameworks",
				);
				MARKETING_VERSION = 1.0;
				PRODUCT_BUNDLE_IDENTIFIER = "stan-davis.PokedexApp";
				PRODUCT_NAME = "$(TARGET_NAME)";
				SWIFT_EMIT_LOC_STRINGS = YES;
				SWIFT_VERSION = 5.0;
				TARGETED_DEVICE_FAMILY = "1,2";
			};
			name = Debug;
		};
		F6F9598828292BEC00995431 /* Release */ = {
			isa = XCBuildConfiguration;
			buildSettings = {
				ASSETCATALOG_COMPILER_APPICON_NAME = AppIcon;
				ASSETCATALOG_COMPILER_GLOBAL_ACCENT_COLOR_NAME = AccentColor;
				CODE_SIGN_STYLE = Automatic;
				CURRENT_PROJECT_VERSION = 1;
				DEVELOPMENT_ASSET_PATHS = "\"PokedexApp/Preview Content\"";
				ENABLE_PREVIEWS = YES;
				GENERATE_INFOPLIST_FILE = YES;
				INFOPLIST_KEY_UIApplicationSceneManifest_Generation = YES;
				INFOPLIST_KEY_UIApplicationSupportsIndirectInputEvents = YES;
				INFOPLIST_KEY_UILaunchScreen_Generation = YES;
				INFOPLIST_KEY_UISupportedInterfaceOrientations_iPad = "UIInterfaceOrientationPortrait UIInterfaceOrientationPortraitUpsideDown UIInterfaceOrientationLandscapeLeft UIInterfaceOrientationLandscapeRight";
				INFOPLIST_KEY_UISupportedInterfaceOrientations_iPhone = "UIInterfaceOrientationPortrait UIInterfaceOrientationLandscapeLeft UIInterfaceOrientationLandscapeRight";
				LD_RUNPATH_SEARCH_PATHS = (
					"$(inherited)",
					"@executable_path/Frameworks",
				);
				MARKETING_VERSION = 1.0;
				PRODUCT_BUNDLE_IDENTIFIER = "stan-davis.PokedexApp";
				PRODUCT_NAME = "$(TARGET_NAME)";
				SWIFT_EMIT_LOC_STRINGS = YES;
				SWIFT_VERSION = 5.0;
				TARGETED_DEVICE_FAMILY = "1,2";
			};
			name = Release;
		};
/* End XCBuildConfiguration section */

/* Begin XCConfigurationList section */
		F6F9597328292BEA00995431 /* Build configuration list for PBXProject "PokedexApp" */ = {
			isa = XCConfigurationList;
			buildConfigurations = (
				F6F9598428292BEC00995431 /* Debug */,
				F6F9598528292BEC00995431 /* Release */,
			);
			defaultConfigurationIsVisible = 0;
			defaultConfigurationName = Release;
		};
		F6F9598628292BEC00995431 /* Build configuration list for PBXNativeTarget "PokedexApp" */ = {
			isa = XCConfigurationList;
			buildConfigurations = (
				F6F9598728292BEC00995431 /* Debug */,
				F6F9598828292BEC00995431 /* Release */,
			);
			defaultConfigurationIsVisible = 0;
			defaultConfigurationName = Release;
		};
/* End XCConfigurationList section */
	};
	rootObject = F6F9597028292BEA00995431 /* Project object */;
}
